// !$*UTF8*$!
{
	archiveVersion = 1;
	classes = {
	};
	objectVersion = 46;
	objects = {

/* Begin PBXBuildFile section */
		77B4EA79DA66AEDB30F23C1F /* Pods_CYDanTang.framework in Frameworks */ = {isa = PBXBuildFile; fileRef = 3A8C9358E3C835B0F08196BE /* Pods_CYDanTang.framework */; };
		E70E41B41D545DCF00BE1F46 /* Assets.xcassets in Resources */ = {isa = PBXBuildFile; fileRef = E70E41B31D545DCF00BE1F46 /* Assets.xcassets */; };
		E70E41C21D545DCF00BE1F46 /* CYDanTangTests.swift in Sources */ = {isa = PBXBuildFile; fileRef = E70E41C11D545DCF00BE1F46 /* CYDanTangTests.swift */; };
		E70E41CD1D545DCF00BE1F46 /* CYDanTangUITests.swift in Sources */ = {isa = PBXBuildFile; fileRef = E70E41CC1D545DCF00BE1F46 /* CYDanTangUITests.swift */; };
		E74F79C31D6AFBCE00444A7C /* TabBarViewController.swift in Sources */ = {isa = PBXBuildFile; fileRef = E74F79C21D6AFBCE00444A7C /* TabBarViewController.swift */; };
		E74F79C51D6AFDB500444A7C /* NavigationViewController.swift in Sources */ = {isa = PBXBuildFile; fileRef = E74F79C41D6AFDB500444A7C /* NavigationViewController.swift */; };
		E74F79C71D6AFE2900444A7C /* BaseViewController.swift in Sources */ = {isa = PBXBuildFile; fileRef = E74F79C61D6AFE2900444A7C /* BaseViewController.swift */; };
		E74F79C91D6B086B00444A7C /* MeViewController.swift in Sources */ = {isa = PBXBuildFile; fileRef = E74F79C81D6B086B00444A7C /* MeViewController.swift */; };
		E74F79CB1D6B08A500444A7C /* SettingViewController.swift in Sources */ = {isa = PBXBuildFile; fileRef = E74F79CA1D6B08A500444A7C /* SettingViewController.swift */; };
		E7C679F71D5C818A002F5551 /* AppDelegate.swift in Sources */ = {isa = PBXBuildFile; fileRef = E7C679F11D5C818A002F5551 /* AppDelegate.swift */; };
		E7C679F81D5C818A002F5551 /* Info.plist in Resources */ = {isa = PBXBuildFile; fileRef = E7C679F21D5C818A002F5551 /* Info.plist */; };
		E7C679FC1D5C828F002F5551 /* Const.swift in Sources */ = {isa = PBXBuildFile; fileRef = E7C679FB1D5C828F002F5551 /* Const.swift */; };
		E7C67A021D5C8568002F5551 /* NewfeatureCollectionViewController.swift in Sources */ = {isa = PBXBuildFile; fileRef = E7C67A011D5C8568002F5551 /* NewfeatureCollectionViewController.swift */; };
/* End PBXBuildFile section */

/* Begin PBXContainerItemProxy section */
		E70E41BE1D545DCF00BE1F46 /* PBXContainerItemProxy */ = {
			isa = PBXContainerItemProxy;
			containerPortal = E70E41A11D545DCF00BE1F46 /* Project object */;
			proxyType = 1;
			remoteGlobalIDString = E70E41A81D545DCF00BE1F46;
			remoteInfo = CYDanTang;
		};
		E70E41C91D545DCF00BE1F46 /* PBXContainerItemProxy */ = {
			isa = PBXContainerItemProxy;
			containerPortal = E70E41A11D545DCF00BE1F46 /* Project object */;
			proxyType = 1;
			remoteGlobalIDString = E70E41A81D545DCF00BE1F46;
			remoteInfo = CYDanTang;
		};
/* End PBXContainerItemProxy section */

/* Begin PBXFileReference section */
		0276E0A8DEBF60E04279AE8F /* Pods-CYDanTang.debug.xcconfig */ = {isa = PBXFileReference; includeInIndex = 1; lastKnownFileType = text.xcconfig; name = "Pods-CYDanTang.debug.xcconfig"; path = "Pods/Target Support Files/Pods-CYDanTang/Pods-CYDanTang.debug.xcconfig"; sourceTree = "<group>"; };
		361F9E0C3018CABD1986F6E6 /* Pods-CYDanTang.release.xcconfig */ = {isa = PBXFileReference; includeInIndex = 1; lastKnownFileType = text.xcconfig; name = "Pods-CYDanTang.release.xcconfig"; path = "Pods/Target Support Files/Pods-CYDanTang/Pods-CYDanTang.release.xcconfig"; sourceTree = "<group>"; };
		3A8C9358E3C835B0F08196BE /* Pods_CYDanTang.framework */ = {isa = PBXFileReference; explicitFileType = wrapper.framework; includeInIndex = 0; path = Pods_CYDanTang.framework; sourceTree = BUILT_PRODUCTS_DIR; };
		E70E41A91D545DCF00BE1F46 /* CYDanTang.app */ = {isa = PBXFileReference; explicitFileType = wrapper.application; includeInIndex = 0; path = CYDanTang.app; sourceTree = BUILT_PRODUCTS_DIR; };
		E70E41B31D545DCF00BE1F46 /* Assets.xcassets */ = {isa = PBXFileReference; lastKnownFileType = folder.assetcatalog; path = Assets.xcassets; sourceTree = "<group>"; };
		E70E41BD1D545DCF00BE1F46 /* CYDanTangTests.xctest */ = {isa = PBXFileReference; explicitFileType = wrapper.cfbundle; includeInIndex = 0; path = CYDanTangTests.xctest; sourceTree = BUILT_PRODUCTS_DIR; };
		E70E41C11D545DCF00BE1F46 /* CYDanTangTests.swift */ = {isa = PBXFileReference; lastKnownFileType = sourcecode.swift; path = CYDanTangTests.swift; sourceTree = "<group>"; };
		E70E41C31D545DCF00BE1F46 /* Info.plist */ = {isa = PBXFileReference; lastKnownFileType = text.plist.xml; path = Info.plist; sourceTree = "<group>"; };
		E70E41C81D545DCF00BE1F46 /* CYDanTangUITests.xctest */ = {isa = PBXFileReference; explicitFileType = wrapper.cfbundle; includeInIndex = 0; path = CYDanTangUITests.xctest; sourceTree = BUILT_PRODUCTS_DIR; };
		E70E41CC1D545DCF00BE1F46 /* CYDanTangUITests.swift */ = {isa = PBXFileReference; lastKnownFileType = sourcecode.swift; path = CYDanTangUITests.swift; sourceTree = "<group>"; };
		E70E41CE1D545DCF00BE1F46 /* Info.plist */ = {isa = PBXFileReference; lastKnownFileType = text.plist.xml; path = Info.plist; sourceTree = "<group>"; };
		E74F79C21D6AFBCE00444A7C /* TabBarViewController.swift */ = {isa = PBXFileReference; fileEncoding = 4; lastKnownFileType = sourcecode.swift; path = TabBarViewController.swift; sourceTree = "<group>"; };
		E74F79C41D6AFDB500444A7C /* NavigationViewController.swift */ = {isa = PBXFileReference; fileEncoding = 4; lastKnownFileType = sourcecode.swift; path = NavigationViewController.swift; sourceTree = "<group>"; };
		E74F79C61D6AFE2900444A7C /* BaseViewController.swift */ = {isa = PBXFileReference; fileEncoding = 4; lastKnownFileType = sourcecode.swift; path = BaseViewController.swift; sourceTree = "<group>"; };
		E74F79C81D6B086B00444A7C /* MeViewController.swift */ = {isa = PBXFileReference; fileEncoding = 4; lastKnownFileType = sourcecode.swift; path = MeViewController.swift; sourceTree = "<group>"; };
		E74F79CA1D6B08A500444A7C /* SettingViewController.swift */ = {isa = PBXFileReference; fileEncoding = 4; lastKnownFileType = sourcecode.swift; path = SettingViewController.swift; sourceTree = "<group>"; };
		E7C679F11D5C818A002F5551 /* AppDelegate.swift */ = {isa = PBXFileReference; fileEncoding = 4; lastKnownFileType = sourcecode.swift; path = AppDelegate.swift; sourceTree = "<group>"; };
		E7C679F21D5C818A002F5551 /* Info.plist */ = {isa = PBXFileReference; fileEncoding = 4; lastKnownFileType = text.plist.xml; path = Info.plist; sourceTree = "<group>"; };
		E7C679FB1D5C828F002F5551 /* Const.swift */ = {isa = PBXFileReference; fileEncoding = 4; lastKnownFileType = sourcecode.swift; path = Const.swift; sourceTree = "<group>"; };
		E7C67A011D5C8568002F5551 /* NewfeatureCollectionViewController.swift */ = {isa = PBXFileReference; fileEncoding = 4; lastKnownFileType = sourcecode.swift; path = NewfeatureCollectionViewController.swift; sourceTree = "<group>"; };
/* End PBXFileReference section */

/* Begin PBXFrameworksBuildPhase section */
		E70E41A61D545DCF00BE1F46 /* Frameworks */ = {
			isa = PBXFrameworksBuildPhase;
			buildActionMask = 2147483647;
			files = (
				77B4EA79DA66AEDB30F23C1F /* Pods_CYDanTang.framework in Frameworks */,
			);
			runOnlyForDeploymentPostprocessing = 0;
		};
		E70E41BA1D545DCF00BE1F46 /* Frameworks */ = {
			isa = PBXFrameworksBuildPhase;
			buildActionMask = 2147483647;
			files = (
			);
			runOnlyForDeploymentPostprocessing = 0;
		};
		E70E41C51D545DCF00BE1F46 /* Frameworks */ = {
			isa = PBXFrameworksBuildPhase;
			buildActionMask = 2147483647;
			files = (
			);
			runOnlyForDeploymentPostprocessing = 0;
		};
/* End PBXFrameworksBuildPhase section */

/* Begin PBXGroup section */
		A8390C380D6E2285E6E0A5E6 /* Pods */ = {
			isa = PBXGroup;
			children = (
				0276E0A8DEBF60E04279AE8F /* Pods-CYDanTang.debug.xcconfig */,
				361F9E0C3018CABD1986F6E6 /* Pods-CYDanTang.release.xcconfig */,
			);
			name = Pods;
			sourceTree = "<group>";
		};
		D153CD32C225ECB86E0F3280 /* Frameworks */ = {
			isa = PBXGroup;
			children = (
				3A8C9358E3C835B0F08196BE /* Pods_CYDanTang.framework */,
			);
			name = Frameworks;
			sourceTree = "<group>";
		};
		E70E41A01D545DCF00BE1F46 = {
			isa = PBXGroup;
			children = (
				E70E41AB1D545DCF00BE1F46 /* CYDanTang */,
				E70E41C01D545DCF00BE1F46 /* CYDanTangTests */,
				E70E41CB1D545DCF00BE1F46 /* CYDanTangUITests */,
				E70E41AA1D545DCF00BE1F46 /* Products */,
				A8390C380D6E2285E6E0A5E6 /* Pods */,
				D153CD32C225ECB86E0F3280 /* Frameworks */,
			);
			sourceTree = "<group>";
		};
		E70E41AA1D545DCF00BE1F46 /* Products */ = {
			isa = PBXGroup;
			children = (
				E70E41A91D545DCF00BE1F46 /* CYDanTang.app */,
				E70E41BD1D545DCF00BE1F46 /* CYDanTangTests.xctest */,
				E70E41C81D545DCF00BE1F46 /* CYDanTangUITests.xctest */,
			);
			name = Products;
			sourceTree = "<group>";
		};
		E70E41AB1D545DCF00BE1F46 /* CYDanTang */ = {
			isa = PBXGroup;
			children = (
				E7C679DB1D5C818A002F5551 /* Classes */,
				E70E41B31D545DCF00BE1F46 /* Assets.xcassets */,
			);
			path = CYDanTang;
			sourceTree = "<group>";
		};
		E70E41C01D545DCF00BE1F46 /* CYDanTangTests */ = {
			isa = PBXGroup;
			children = (
				E70E41C11D545DCF00BE1F46 /* CYDanTangTests.swift */,
				E70E41C31D545DCF00BE1F46 /* Info.plist */,
			);
			path = CYDanTangTests;
			sourceTree = "<group>";
		};
		E70E41CB1D545DCF00BE1F46 /* CYDanTangUITests */ = {
			isa = PBXGroup;
			children = (
				E70E41CC1D545DCF00BE1F46 /* CYDanTangUITests.swift */,
				E70E41CE1D545DCF00BE1F46 /* Info.plist */,
			);
			path = CYDanTangUITests;
			sourceTree = "<group>";
		};
		E7C679DB1D5C818A002F5551 /* Classes */ = {
			isa = PBXGroup;
			children = (
				E7C679DC1D5C818A002F5551 /* Classify */,
				E7C679E01D5C818A002F5551 /* DanTang */,
				E7C679E41D5C818A002F5551 /* Login&Register */,
				E7C679E81D5C818A002F5551 /* Main */,
				E7C679EC1D5C818A002F5551 /* Me */,
				E7C679F01D5C818A002F5551 /* Other */,
				E7C679F31D5C818A002F5551 /* Product */,
			);
			path = Classes;
			sourceTree = "<group>";
		};
		E7C679DC1D5C818A002F5551 /* Classify */ = {
			isa = PBXGroup;
			children = (
				E7C679DD1D5C818A002F5551 /* Controller */,
				E7C679DE1D5C818A002F5551 /* Model */,
				E7C679DF1D5C818A002F5551 /* View */,
			);
			path = Classify;
			sourceTree = "<group>";
		};
		E7C679DD1D5C818A002F5551 /* Controller */ = {
			isa = PBXGroup;
			children = (
			);
			path = Controller;
			sourceTree = "<group>";
		};
		E7C679DE1D5C818A002F5551 /* Model */ = {
			isa = PBXGroup;
			children = (
			);
			path = Model;
			sourceTree = "<group>";
		};
		E7C679DF1D5C818A002F5551 /* View */ = {
			isa = PBXGroup;
			children = (
			);
			path = View;
			sourceTree = "<group>";
		};
		E7C679E01D5C818A002F5551 /* DanTang */ = {
			isa = PBXGroup;
			children = (
				E7C679E11D5C818A002F5551 /* Controller */,
				E7C679E21D5C818A002F5551 /* Model */,
				E7C679E31D5C818A002F5551 /* View */,
			);
			path = DanTang;
			sourceTree = "<group>";
		};
		E7C679E11D5C818A002F5551 /* Controller */ = {
			isa = PBXGroup;
			children = (
			);
			path = Controller;
			sourceTree = "<group>";
		};
		E7C679E21D5C818A002F5551 /* Model */ = {
			isa = PBXGroup;
			children = (
			);
			path = Model;
			sourceTree = "<group>";
		};
		E7C679E31D5C818A002F5551 /* View */ = {
			isa = PBXGroup;
			children = (
			);
			path = View;
			sourceTree = "<group>";
		};
		E7C679E41D5C818A002F5551 /* Login&Register */ = {
			isa = PBXGroup;
			children = (
				E7C679E51D5C818A002F5551 /* Controller */,
				E7C679E61D5C818A002F5551 /* Model */,
				E7C679E71D5C818A002F5551 /* View */,
			);
			path = "Login&Register";
			sourceTree = "<group>";
		};
		E7C679E51D5C818A002F5551 /* Controller */ = {
			isa = PBXGroup;
			children = (
				E7C67A011D5C8568002F5551 /* NewfeatureCollectionViewController.swift */,
			);
			path = Controller;
			sourceTree = "<group>";
		};
		E7C679E61D5C818A002F5551 /* Model */ = {
			isa = PBXGroup;
			children = (
			);
			path = Model;
			sourceTree = "<group>";
		};
		E7C679E71D5C818A002F5551 /* View */ = {
			isa = PBXGroup;
			children = (
			);
			path = View;
			sourceTree = "<group>";
		};
		E7C679E81D5C818A002F5551 /* Main */ = {
			isa = PBXGroup;
			children = (
				E7C679F91D5C8270002F5551 /* Category */,
				E7C679FA1D5C8270002F5551 /* Tool */,
				E7C679E91D5C818A002F5551 /* Controller */,
				E7C679EA1D5C818A002F5551 /* Model */,
				E7C679EB1D5C818A002F5551 /* View */,
			);
			path = Main;
			sourceTree = "<group>";
		};
		E7C679E91D5C818A002F5551 /* Controller */ = {
			isa = PBXGroup;
			children = (
				E74F79C61D6AFE2900444A7C /* BaseViewController.swift */,
				E74F79C41D6AFDB500444A7C /* NavigationViewController.swift */,
				E74F79C21D6AFBCE00444A7C /* TabBarViewController.swift */,
			);
			path = Controller;
			sourceTree = "<group>";
		};
		E7C679EA1D5C818A002F5551 /* Model */ = {
			isa = PBXGroup;
			children = (
			);
			path = Model;
			sourceTree = "<group>";
		};
		E7C679EB1D5C818A002F5551 /* View */ = {
			isa = PBXGroup;
			children = (
			);
			path = View;
			sourceTree = "<group>";
		};
		E7C679EC1D5C818A002F5551 /* Me */ = {
			isa = PBXGroup;
			children = (
				E7C679ED1D5C818A002F5551 /* Controller */,
				E7C679EE1D5C818A002F5551 /* Model */,
				E7C679EF1D5C818A002F5551 /* View */,
			);
			path = Me;
			sourceTree = "<group>";
		};
		E7C679ED1D5C818A002F5551 /* Controller */ = {
			isa = PBXGroup;
			children = (
				E74F79C81D6B086B00444A7C /* MeViewController.swift */,
				E74F79CA1D6B08A500444A7C /* SettingViewController.swift */,
			);
			path = Controller;
			sourceTree = "<group>";
		};
		E7C679EE1D5C818A002F5551 /* Model */ = {
			isa = PBXGroup;
			children = (
			);
			path = Model;
			sourceTree = "<group>";
		};
		E7C679EF1D5C818A002F5551 /* View */ = {
			isa = PBXGroup;
			children = (
			);
			path = View;
			sourceTree = "<group>";
		};
		E7C679F01D5C818A002F5551 /* Other */ = {
			isa = PBXGroup;
			children = (
				E7C679F11D5C818A002F5551 /* AppDelegate.swift */,
				E7C679F21D5C818A002F5551 /* Info.plist */,
			);
			path = Other;
			sourceTree = "<group>";
		};
		E7C679F31D5C818A002F5551 /* Product */ = {
			isa = PBXGroup;
			children = (
				E7C679F41D5C818A002F5551 /* Controller */,
				E7C679F51D5C818A002F5551 /* Model */,
				E7C679F61D5C818A002F5551 /* View */,
			);
			path = Product;
			sourceTree = "<group>";
		};
		E7C679F41D5C818A002F5551 /* Controller */ = {
			isa = PBXGroup;
			children = (
			);
			path = Controller;
			sourceTree = "<group>";
		};
		E7C679F51D5C818A002F5551 /* Model */ = {
			isa = PBXGroup;
			children = (
			);
			path = Model;
			sourceTree = "<group>";
		};
		E7C679F61D5C818A002F5551 /* View */ = {
			isa = PBXGroup;
			children = (
			);
			path = View;
			sourceTree = "<group>";
		};
		E7C679F91D5C8270002F5551 /* Category */ = {
			isa = PBXGroup;
			children = (
			);
			path = Category;
			sourceTree = "<group>";
		};
		E7C679FA1D5C8270002F5551 /* Tool */ = {
			isa = PBXGroup;
			children = (
				E7C679FB1D5C828F002F5551 /* Const.swift */,
			);
			path = Tool;
			sourceTree = "<group>";
		};
/* End PBXGroup section */

/* Begin PBXNativeTarget section */
		E70E41A81D545DCF00BE1F46 /* CYDanTang */ = {
			isa = PBXNativeTarget;
			buildConfigurationList = E70E41D11D545DCF00BE1F46 /* Build configuration list for PBXNativeTarget "CYDanTang" */;
			buildPhases = (
				519B50CA71B4530E55332FAE /* [CP] Check Pods Manifest.lock */,
				E70E41A51D545DCF00BE1F46 /* Sources */,
				E70E41A61D545DCF00BE1F46 /* Frameworks */,
				E70E41A71D545DCF00BE1F46 /* Resources */,
				87270AEBAAF417868526DCAC /* [CP] Embed Pods Frameworks */,
				116358BCF43B35747914E4A8 /* [CP] Copy Pods Resources */,
			);
			buildRules = (
			);
			dependencies = (
			);
			name = CYDanTang;
			productName = CYDanTang;
			productReference = E70E41A91D545DCF00BE1F46 /* CYDanTang.app */;
			productType = "com.apple.product-type.application";
		};
		E70E41BC1D545DCF00BE1F46 /* CYDanTangTests */ = {
			isa = PBXNativeTarget;
			buildConfigurationList = E70E41D41D545DCF00BE1F46 /* Build configuration list for PBXNativeTarget "CYDanTangTests" */;
			buildPhases = (
				E70E41B91D545DCF00BE1F46 /* Sources */,
				E70E41BA1D545DCF00BE1F46 /* Frameworks */,
				E70E41BB1D545DCF00BE1F46 /* Resources */,
			);
			buildRules = (
			);
			dependencies = (
				E70E41BF1D545DCF00BE1F46 /* PBXTargetDependency */,
			);
			name = CYDanTangTests;
			productName = CYDanTangTests;
			productReference = E70E41BD1D545DCF00BE1F46 /* CYDanTangTests.xctest */;
			productType = "com.apple.product-type.bundle.unit-test";
		};
		E70E41C71D545DCF00BE1F46 /* CYDanTangUITests */ = {
			isa = PBXNativeTarget;
			buildConfigurationList = E70E41D71D545DCF00BE1F46 /* Build configuration list for PBXNativeTarget "CYDanTangUITests" */;
			buildPhases = (
				E70E41C41D545DCF00BE1F46 /* Sources */,
				E70E41C51D545DCF00BE1F46 /* Frameworks */,
				E70E41C61D545DCF00BE1F46 /* Resources */,
			);
			buildRules = (
			);
			dependencies = (
				E70E41CA1D545DCF00BE1F46 /* PBXTargetDependency */,
			);
			name = CYDanTangUITests;
			productName = CYDanTangUITests;
			productReference = E70E41C81D545DCF00BE1F46 /* CYDanTangUITests.xctest */;
			productType = "com.apple.product-type.bundle.ui-testing";
		};
/* End PBXNativeTarget section */

/* Begin PBXProject section */
		E70E41A11D545DCF00BE1F46 /* Project object */ = {
			isa = PBXProject;
			attributes = {
				LastSwiftUpdateCheck = 0730;
				LastUpgradeCheck = 0730;
				ORGANIZATIONNAME = Cyrill;
				TargetAttributes = {
					E70E41A81D545DCF00BE1F46 = {
						CreatedOnToolsVersion = 7.3.1;
					};
					E70E41BC1D545DCF00BE1F46 = {
						CreatedOnToolsVersion = 7.3.1;
						TestTargetID = E70E41A81D545DCF00BE1F46;
					};
					E70E41C71D545DCF00BE1F46 = {
						CreatedOnToolsVersion = 7.3.1;
						TestTargetID = E70E41A81D545DCF00BE1F46;
					};
				};
			};
			buildConfigurationList = E70E41A41D545DCF00BE1F46 /* Build configuration list for PBXProject "CYDanTang" */;
			compatibilityVersion = "Xcode 3.2";
			developmentRegion = English;
			hasScannedForEncodings = 0;
			knownRegions = (
				en,
				Base,
			);
			mainGroup = E70E41A01D545DCF00BE1F46;
			productRefGroup = E70E41AA1D545DCF00BE1F46 /* Products */;
			projectDirPath = "";
			projectRoot = "";
			targets = (
				E70E41A81D545DCF00BE1F46 /* CYDanTang */,
				E70E41BC1D545DCF00BE1F46 /* CYDanTangTests */,
				E70E41C71D545DCF00BE1F46 /* CYDanTangUITests */,
			);
		};
/* End PBXProject section */

/* Begin PBXResourcesBuildPhase section */
		E70E41A71D545DCF00BE1F46 /* Resources */ = {
			isa = PBXResourcesBuildPhase;
			buildActionMask = 2147483647;
			files = (
				E70E41B41D545DCF00BE1F46 /* Assets.xcassets in Resources */,
				E7C679F81D5C818A002F5551 /* Info.plist in Resources */,
			);
			runOnlyForDeploymentPostprocessing = 0;
		};
		E70E41BB1D545DCF00BE1F46 /* Resources */ = {
			isa = PBXResourcesBuildPhase;
			buildActionMask = 2147483647;
			files = (
			);
			runOnlyForDeploymentPostprocessing = 0;
		};
		E70E41C61D545DCF00BE1F46 /* Resources */ = {
			isa = PBXResourcesBuildPhase;
			buildActionMask = 2147483647;
			files = (
			);
			runOnlyForDeploymentPostprocessing = 0;
		};
/* End PBXResourcesBuildPhase section */

/* Begin PBXShellScriptBuildPhase section */
		116358BCF43B35747914E4A8 /* [CP] Copy Pods Resources */ = {
			isa = PBXShellScriptBuildPhase;
			buildActionMask = 2147483647;
			files = (
			);
			inputPaths = (
			);
			name = "[CP] Copy Pods Resources";
			outputPaths = (
			);
			runOnlyForDeploymentPostprocessing = 0;
			shellPath = /bin/sh;
			shellScript = "\"${SRCROOT}/Pods/Target Support Files/Pods-CYDanTang/Pods-CYDanTang-resources.sh\"\n";
			showEnvVarsInLog = 0;
		};
		519B50CA71B4530E55332FAE /* [CP] Check Pods Manifest.lock */ = {
			isa = PBXShellScriptBuildPhase;
			buildActionMask = 2147483647;
			files = (
			);
			inputPaths = (
			);
			name = "[CP] Check Pods Manifest.lock";
			outputPaths = (
			);
			runOnlyForDeploymentPostprocessing = 0;
			shellPath = /bin/sh;
			shellScript = "diff \"${PODS_ROOT}/../Podfile.lock\" \"${PODS_ROOT}/Manifest.lock\" > /dev/null\nif [[ $? != 0 ]] ; then\n    cat << EOM\nerror: The sandbox is not in sync with the Podfile.lock. Run 'pod install' or update your CocoaPods installation.\nEOM\n    exit 1\nfi\n";
			showEnvVarsInLog = 0;
		};
		87270AEBAAF417868526DCAC /* [CP] Embed Pods Frameworks */ = {
			isa = PBXShellScriptBuildPhase;
			buildActionMask = 2147483647;
			files = (
			);
			inputPaths = (
			);
			name = "[CP] Embed Pods Frameworks";
			outputPaths = (
			);
			runOnlyForDeploymentPostprocessing = 0;
			shellPath = /bin/sh;
			shellScript = "\"${SRCROOT}/Pods/Target Support Files/Pods-CYDanTang/Pods-CYDanTang-frameworks.sh\"\n";
			showEnvVarsInLog = 0;
		};
/* End PBXShellScriptBuildPhase section */

/* Begin PBXSourcesBuildPhase section */
		E70E41A51D545DCF00BE1F46 /* Sources */ = {
			isa = PBXSourcesBuildPhase;
			buildActionMask = 2147483647;
			files = (
				E74F79C31D6AFBCE00444A7C /* TabBarViewController.swift in Sources */,
				E74F79C91D6B086B00444A7C /* MeViewController.swift in Sources */,
				E7C679F71D5C818A002F5551 /* AppDelegate.swift in Sources */,
				E74F79CB1D6B08A500444A7C /* SettingViewController.swift in Sources */,
				E7C679FC1D5C828F002F5551 /* Const.swift in Sources */,
				E74F79C51D6AFDB500444A7C /* NavigationViewController.swift in Sources */,
				E7C67A021D5C8568002F5551 /* NewfeatureCollectionViewController.swift in Sources */,
				E74F79C71D6AFE2900444A7C /* BaseViewController.swift in Sources */,
			);
			runOnlyForDeploymentPostprocessing = 0;
		};
		E70E41B91D545DCF00BE1F46 /* Sources */ = {
			isa = PBXSourcesBuildPhase;
			buildActionMask = 2147483647;
			files = (
				E70E41C21D545DCF00BE1F46 /* CYDanTangTests.swift in Sources */,
			);
			runOnlyForDeploymentPostprocessing = 0;
		};
		E70E41C41D545DCF00BE1F46 /* Sources */ = {
			isa = PBXSourcesBuildPhase;
			buildActionMask = 2147483647;
			files = (
				E70E41CD1D545DCF00BE1F46 /* CYDanTangUITests.swift in Sources */,
			);
			runOnlyForDeploymentPostprocessing = 0;
		};
/* End PBXSourcesBuildPhase section */

/* Begin PBXTargetDependency section */
		E70E41BF1D545DCF00BE1F46 /* PBXTargetDependency */ = {
			isa = PBXTargetDependency;
			target = E70E41A81D545DCF00BE1F46 /* CYDanTang */;
			targetProxy = E70E41BE1D545DCF00BE1F46 /* PBXContainerItemProxy */;
		};
		E70E41CA1D545DCF00BE1F46 /* PBXTargetDependency */ = {
			isa = PBXTargetDependency;
			target = E70E41A81D545DCF00BE1F46 /* CYDanTang */;
			targetProxy = E70E41C91D545DCF00BE1F46 /* PBXContainerItemProxy */;
		};
/* End PBXTargetDependency section */

/* Begin XCBuildConfiguration section */
		E70E41CF1D545DCF00BE1F46 /* Debug */ = {
			isa = XCBuildConfiguration;
			buildSettings = {
				ALWAYS_SEARCH_USER_PATHS = NO;
				CLANG_ANALYZER_NONNULL = YES;
				CLANG_CXX_LANGUAGE_STANDARD = "gnu++0x";
				CLANG_CXX_LIBRARY = "libc++";
				CLANG_ENABLE_MODULES = YES;
				CLANG_ENABLE_OBJC_ARC = YES;
				CLANG_WARN_BOOL_CONVERSION = YES;
				CLANG_WARN_CONSTANT_CONVERSION = YES;
				CLANG_WARN_DIRECT_OBJC_ISA_USAGE = YES_ERROR;
				CLANG_WARN_EMPTY_BODY = YES;
				CLANG_WARN_ENUM_CONVERSION = YES;
				CLANG_WARN_INT_CONVERSION = YES;
				CLANG_WARN_OBJC_ROOT_CLASS = YES_ERROR;
				CLANG_WARN_UNREACHABLE_CODE = YES;
				CLANG_WARN__DUPLICATE_METHOD_MATCH = YES;
				"CODE_SIGN_IDENTITY[sdk=iphoneos*]" = "iPhone Developer";
				COPY_PHASE_STRIP = NO;
				DEBUG_INFORMATION_FORMAT = dwarf;
				ENABLE_STRICT_OBJC_MSGSEND = YES;
				ENABLE_TESTABILITY = YES;
				GCC_C_LANGUAGE_STANDARD = gnu99;
				GCC_DYNAMIC_NO_PIC = NO;
				GCC_NO_COMMON_BLOCKS = YES;
				GCC_OPTIMIZATION_LEVEL = 0;
				GCC_PREPROCESSOR_DEFINITIONS = (
					"DEBUG=1",
					"$(inherited)",
				);
				GCC_WARN_64_TO_32_BIT_CONVERSION = YES;
				GCC_WARN_ABOUT_RETURN_TYPE = YES_ERROR;
				GCC_WARN_UNDECLARED_SELECTOR = YES;
				GCC_WARN_UNINITIALIZED_AUTOS = YES_AGGRESSIVE;
				GCC_WARN_UNUSED_FUNCTION = YES;
				GCC_WARN_UNUSED_VARIABLE = YES;
				IPHONEOS_DEPLOYMENT_TARGET = 9.3;
				MTL_ENABLE_DEBUG_INFO = YES;
				ONLY_ACTIVE_ARCH = YES;
				SDKROOT = iphoneos;
				SWIFT_OPTIMIZATION_LEVEL = "-Onone";
			};
			name = Debug;
		};
		E70E41D01D545DCF00BE1F46 /* Release */ = {
			isa = XCBuildConfiguration;
			buildSettings = {
				ALWAYS_SEARCH_USER_PATHS = NO;
				CLANG_ANALYZER_NONNULL = YES;
				CLANG_CXX_LANGUAGE_STANDARD = "gnu++0x";
				CLANG_CXX_LIBRARY = "libc++";
				CLANG_ENABLE_MODULES = YES;
				CLANG_ENABLE_OBJC_ARC = YES;
				CLANG_WARN_BOOL_CONVERSION = YES;
				CLANG_WARN_CONSTANT_CONVERSION = YES;
				CLANG_WARN_DIRECT_OBJC_ISA_USAGE = YES_ERROR;
				CLANG_WARN_EMPTY_BODY = YES;
				CLANG_WARN_ENUM_CONVERSION = YES;
				CLANG_WARN_INT_CONVERSION = YES;
				CLANG_WARN_OBJC_ROOT_CLASS = YES_ERROR;
				CLANG_WARN_UNREACHABLE_CODE = YES;
				CLANG_WARN__DUPLICATE_METHOD_MATCH = YES;
				"CODE_SIGN_IDENTITY[sdk=iphoneos*]" = "iPhone Developer";
				COPY_PHASE_STRIP = NO;
				DEBUG_INFORMATION_FORMAT = "dwarf-with-dsym";
				ENABLE_NS_ASSERTIONS = NO;
				ENABLE_STRICT_OBJC_MSGSEND = YES;
				GCC_C_LANGUAGE_STANDARD = gnu99;
				GCC_NO_COMMON_BLOCKS = YES;
				GCC_WARN_64_TO_32_BIT_CONVERSION = YES;
				GCC_WARN_ABOUT_RETURN_TYPE = YES_ERROR;
				GCC_WARN_UNDECLARED_SELECTOR = YES;
				GCC_WARN_UNINITIALIZED_AUTOS = YES_AGGRESSIVE;
				GCC_WARN_UNUSED_FUNCTION = YES;
				GCC_WARN_UNUSED_VARIABLE = YES;
				IPHONEOS_DEPLOYMENT_TARGET = 9.3;
				MTL_ENABLE_DEBUG_INFO = NO;
				SDKROOT = iphoneos;
				VALIDATE_PRODUCT = YES;
			};
			name = Release;
		};
		E70E41D21D545DCF00BE1F46 /* Debug */ = {
			isa = XCBuildConfiguration;
			baseConfigurationReference = 0276E0A8DEBF60E04279AE8F /* Pods-CYDanTang.debug.xcconfig */;
			buildSettings = {
				ASSETCATALOG_COMPILER_APPICON_NAME = AppIcon;
				ASSETCATALOG_COMPILER_LAUNCHIMAGE_NAME = LaunchImage;
				INFOPLIST_FILE = "$(SRCROOT)/CYDanTang/Classes/Other/Info.plist";
				IPHONEOS_DEPLOYMENT_TARGET = 8.0;
				LD_RUNPATH_SEARCH_PATHS = "$(inherited) @executable_path/Frameworks";
				PRODUCT_BUNDLE_IDENTIFIER = com.futurestar.CYDanTang;
				PRODUCT_NAME = "$(TARGET_NAME)";
			};
			name = Debug;
		};
		E70E41D31D545DCF00BE1F46 /* Release */ = {
			isa = XCBuildConfiguration;
			baseConfigurationReference = 361F9E0C3018CABD1986F6E6 /* Pods-CYDanTang.release.xcconfig */;
			buildSettings = {
				ASSETCATALOG_COMPILER_APPICON_NAME = AppIcon;
				ASSETCATALOG_COMPILER_LAUNCHIMAGE_NAME = LaunchImage;
				INFOPLIST_FILE = "$(SRCROOT)/CYDanTang/Classes/Other/Info.plist";
				IPHONEOS_DEPLOYMENT_TARGET = 8.0;
				LD_RUNPATH_SEARCH_PATHS = "$(inherited) @executable_path/Frameworks";
				PRODUCT_BUNDLE_IDENTIFIER = com.futurestar.CYDanTang;
				PRODUCT_NAME = "$(TARGET_NAME)";
			};
			name = Release;
		};
		E70E41D51D545DCF00BE1F46 /* Debug */ = {
			isa = XCBuildConfiguration;
			buildSettings = {
				BUNDLE_LOADER = "$(TEST_HOST)";
				INFOPLIST_FILE = CYDanTangTests/Info.plist;
				LD_RUNPATH_SEARCH_PATHS = "$(inherited) @executable_path/Frameworks @loader_path/Frameworks";
				PRODUCT_BUNDLE_IDENTIFIER = com.futurestar.CYDanTangTests;
				PRODUCT_NAME = "$(TARGET_NAME)";
				TEST_HOST = "$(BUILT_PRODUCTS_DIR)/CYDanTang.app/CYDanTang";
			};
			name = Debug;
		};
		E70E41D61D545DCF00BE1F46 /* Release */ = {
			isa = XCBuildConfiguration;
			buildSettings = {
				BUNDLE_LOADER = "$(TEST_HOST)";
				INFOPLIST_FILE = CYDanTangTests/Info.plist;
				LD_RUNPATH_SEARCH_PATHS = "$(inherited) @executable_path/Frameworks @loader_path/Frameworks";
				PRODUCT_BUNDLE_IDENTIFIER = com.futurestar.CYDanTangTests;
				PRODUCT_NAME = "$(TARGET_NAME)";
				TEST_HOST = "$(BUILT_PRODUCTS_DIR)/CYDanTang.app/CYDanTang";
			};
			name = Release;
		};
		E70E41D81D545DCF00BE1F46 /* Debug */ = {
			isa = XCBuildConfiguration;
			buildSettings = {
				INFOPLIST_FILE = CYDanTangUITests/Info.plist;
				LD_RUNPATH_SEARCH_PATHS = "$(inherited) @executable_path/Frameworks @loader_path/Frameworks";
				PRODUCT_BUNDLE_IDENTIFIER = com.futurestar.CYDanTangUITests;
				PRODUCT_NAME = "$(TARGET_NAME)";
				TEST_TARGET_NAME = CYDanTang;
			};
			name = Debug;
		};
		E70E41D91D545DCF00BE1F46 /* Release */ = {
			isa = XCBuildConfiguration;
			buildSettings = {
				INFOPLIST_FILE = CYDanTangUITests/Info.plist;
				LD_RUNPATH_SEARCH_PATHS = "$(inherited) @executable_path/Frameworks @loader_path/Frameworks";
				PRODUCT_BUNDLE_IDENTIFIER = com.futurestar.CYDanTangUITests;
				PRODUCT_NAME = "$(TARGET_NAME)";
				TEST_TARGET_NAME = CYDanTang;
			};
			name = Release;
		};
/* End XCBuildConfiguration section */

/* Begin XCConfigurationList section */
		E70E41A41D545DCF00BE1F46 /* Build configuration list for PBXProject "CYDanTang" */ = {
			isa = XCConfigurationList;
			buildConfigurations = (
				E70E41CF1D545DCF00BE1F46 /* Debug */,
				E70E41D01D545DCF00BE1F46 /* Release */,
			);
			defaultConfigurationIsVisible = 0;
			defaultConfigurationName = Release;
		};
		E70E41D11D545DCF00BE1F46 /* Build configuration list for PBXNativeTarget "CYDanTang" */ = {
			isa = XCConfigurationList;
			buildConfigurations = (
				E70E41D21D545DCF00BE1F46 /* Debug */,
				E70E41D31D545DCF00BE1F46 /* Release */,
			);
			defaultConfigurationIsVisible = 0;
			defaultConfigurationName = Release;
		};
		E70E41D41D545DCF00BE1F46 /* Build configuration list for PBXNativeTarget "CYDanTangTests" */ = {
			isa = XCConfigurationList;
			buildConfigurations = (
				E70E41D51D545DCF00BE1F46 /* Debug */,
				E70E41D61D545DCF00BE1F46 /* Release */,
			);
			defaultConfigurationIsVisible = 0;
			defaultConfigurationName = Release;
		};
		E70E41D71D545DCF00BE1F46 /* Build configuration list for PBXNativeTarget "CYDanTangUITests" */ = {
			isa = XCConfigurationList;
			buildConfigurations = (
				E70E41D81D545DCF00BE1F46 /* Debug */,
				E70E41D91D545DCF00BE1F46 /* Release */,
			);
			defaultConfigurationIsVisible = 0;
			defaultConfigurationName = Release;
		};
/* End XCConfigurationList section */
	};
	rootObject = E70E41A11D545DCF00BE1F46 /* Project object */;
}
